// !$*UTF8*$!
{
	archiveVersion = 1;
	classes = {
	};
	objectVersion = 55;
	objects = {

/* Begin PBXBuildFile section */
		7C61C2B72853A37E00F6DF32 /* casinoApp.swift in Sources */ = {isa = PBXBuildFile; fileRef = 7C61C2B62853A37E00F6DF32 /* casinoApp.swift */; };
		7C61C2B92853A37E00F6DF32 /* ContentView.swift in Sources */ = {isa = PBXBuildFile; fileRef = 7C61C2B82853A37E00F6DF32 /* ContentView.swift */; };
		7C61C2BB2853A38000F6DF32 /* Assets.xcassets in Resources */ = {isa = PBXBuildFile; fileRef = 7C61C2BA2853A38000F6DF32 /* Assets.xcassets */; };
		7C61C2BE2853A38000F6DF32 /* Preview Assets.xcassets in Resources */ = {isa = PBXBuildFile; fileRef = 7C61C2BD2853A38000F6DF32 /* Preview Assets.xcassets */; };
		7C61C2C62853A53A00F6DF32 /* cardView.swift in Sources */ = {isa = PBXBuildFile; fileRef = 7C61C2C52853A53A00F6DF32 /* cardView.swift */; };
		7C61C2C82853A69800F6DF32 /* cardInfo.swift in Sources */ = {isa = PBXBuildFile; fileRef = 7C61C2C72853A69800F6DF32 /* cardInfo.swift */; };
		7C61C2CB2853CEE700F6DF32 /* mainView.swift in Sources */ = {isa = PBXBuildFile; fileRef = 7C61C2CA2853CEE700F6DF32 /* mainView.swift */; };
		7C61C2CD2853D64100F6DF32 /* userInfo.swift in Sources */ = {isa = PBXBuildFile; fileRef = 7C61C2CC2853D64100F6DF32 /* userInfo.swift */; };
		7C61C2D02853E67B00F6DF32 /* playView.swift in Sources */ = {isa = PBXBuildFile; fileRef = 7C61C2CF2853E67B00F6DF32 /* playView.swift */; };
		7C61C2D22854A0D100F6DF32 /* backButtonView.swift in Sources */ = {isa = PBXBuildFile; fileRef = 7C61C2D12854A0D100F6DF32 /* backButtonView.swift */; };
		7C61C2D52854A78400F6DF32 /* tableView.swift in Sources */ = {isa = PBXBuildFile; fileRef = 7C61C2D42854A78400F6DF32 /* tableView.swift */; };
		7C61C2D72854C78200F6DF32 /* pairOfCards.swift in Sources */ = {isa = PBXBuildFile; fileRef = 7C61C2D62854C78200F6DF32 /* pairOfCards.swift */; };
		7C61C2D92854E71100F6DF32 /* tableInfo.swift in Sources */ = {isa = PBXBuildFile; fileRef = 7C61C2D82854E71100F6DF32 /* tableInfo.swift */; };
		7C61C2DE28551E7D00F6DF32 /* dealerButton.swift in Sources */ = {isa = PBXBuildFile; fileRef = 7C61C2DD28551E7C00F6DF32 /* dealerButton.swift */; };
		7C61C2E02855254200F6DF32 /* infoScreen.swift in Sources */ = {isa = PBXBuildFile; fileRef = 7C61C2DF2855254200F6DF32 /* infoScreen.swift */; };
		7C61C2E32855293300F6DF32 /* foldView.swift in Sources */ = {isa = PBXBuildFile; fileRef = 7C61C2E22855293300F6DF32 /* foldView.swift */; };
		7C61C2E528552B7900F6DF32 /* callView.swift in Sources */ = {isa = PBXBuildFile; fileRef = 7C61C2E428552B7900F6DF32 /* callView.swift */; };
		7C61C2E728552B9D00F6DF32 /* raiseView.swift in Sources */ = {isa = PBXBuildFile; fileRef = 7C61C2E628552B9D00F6DF32 /* raiseView.swift */; };
		7C61C2E928552C5C00F6DF32 /* buttonInfo.swift in Sources */ = {isa = PBXBuildFile; fileRef = 7C61C2E828552C5C00F6DF32 /* buttonInfo.swift */; };
/* End PBXBuildFile section */

/* Begin PBXFileReference section */
		7C61C2B32853A37E00F6DF32 /* casino.app */ = {isa = PBXFileReference; explicitFileType = wrapper.application; includeInIndex = 0; path = casino.app; sourceTree = BUILT_PRODUCTS_DIR; };
		7C61C2B62853A37E00F6DF32 /* casinoApp.swift */ = {isa = PBXFileReference; lastKnownFileType = sourcecode.swift; path = casinoApp.swift; sourceTree = "<group>"; };
		7C61C2B82853A37E00F6DF32 /* ContentView.swift */ = {isa = PBXFileReference; lastKnownFileType = sourcecode.swift; path = ContentView.swift; sourceTree = "<group>"; };
		7C61C2BA2853A38000F6DF32 /* Assets.xcassets */ = {isa = PBXFileReference; lastKnownFileType = folder.assetcatalog; path = Assets.xcassets; sourceTree = "<group>"; };
		7C61C2BD2853A38000F6DF32 /* Preview Assets.xcassets */ = {isa = PBXFileReference; lastKnownFileType = folder.assetcatalog; path = "Preview Assets.xcassets"; sourceTree = "<group>"; };
		7C61C2C52853A53A00F6DF32 /* cardView.swift */ = {isa = PBXFileReference; lastKnownFileType = sourcecode.swift; path = cardView.swift; sourceTree = "<group>"; };
		7C61C2C72853A69800F6DF32 /* cardInfo.swift */ = {isa = PBXFileReference; lastKnownFileType = sourcecode.swift; path = cardInfo.swift; sourceTree = "<group>"; };
		7C61C2CA2853CEE700F6DF32 /* mainView.swift */ = {isa = PBXFileReference; lastKnownFileType = sourcecode.swift; path = mainView.swift; sourceTree = "<group>"; };
		7C61C2CC2853D64100F6DF32 /* userInfo.swift */ = {isa = PBXFileReference; lastKnownFileType = sourcecode.swift; path = userInfo.swift; sourceTree = "<group>"; };
		7C61C2CF2853E67B00F6DF32 /* playView.swift */ = {isa = PBXFileReference; lastKnownFileType = sourcecode.swift; path = playView.swift; sourceTree = "<group>"; };
		7C61C2D12854A0D100F6DF32 /* backButtonView.swift */ = {isa = PBXFileReference; lastKnownFileType = sourcecode.swift; path = backButtonView.swift; sourceTree = "<group>"; };
		7C61C2D42854A78400F6DF32 /* tableView.swift */ = {isa = PBXFileReference; lastKnownFileType = sourcecode.swift; path = tableView.swift; sourceTree = "<group>"; };
		7C61C2D62854C78200F6DF32 /* pairOfCards.swift */ = {isa = PBXFileReference; lastKnownFileType = sourcecode.swift; path = pairOfCards.swift; sourceTree = "<group>"; };
		7C61C2D82854E71100F6DF32 /* tableInfo.swift */ = {isa = PBXFileReference; lastKnownFileType = sourcecode.swift; path = tableInfo.swift; sourceTree = "<group>"; };
		7C61C2DD28551E7C00F6DF32 /* dealerButton.swift */ = {isa = PBXFileReference; lastKnownFileType = sourcecode.swift; path = dealerButton.swift; sourceTree = "<group>"; };
		7C61C2DF2855254200F6DF32 /* infoScreen.swift */ = {isa = PBXFileReference; lastKnownFileType = sourcecode.swift; path = infoScreen.swift; sourceTree = "<group>"; };
		7C61C2E22855293300F6DF32 /* foldView.swift */ = {isa = PBXFileReference; lastKnownFileType = sourcecode.swift; path = foldView.swift; sourceTree = "<group>"; };
		7C61C2E428552B7900F6DF32 /* callView.swift */ = {isa = PBXFileReference; lastKnownFileType = sourcecode.swift; path = callView.swift; sourceTree = "<group>"; };
		7C61C2E628552B9D00F6DF32 /* raiseView.swift */ = {isa = PBXFileReference; lastKnownFileType = sourcecode.swift; path = raiseView.swift; sourceTree = "<group>"; };
		7C61C2E828552C5C00F6DF32 /* buttonInfo.swift */ = {isa = PBXFileReference; lastKnownFileType = sourcecode.swift; path = buttonInfo.swift; sourceTree = "<group>"; };
/* End PBXFileReference section */

/* Begin PBXFrameworksBuildPhase section */
		7C61C2B02853A37E00F6DF32 /* Frameworks */ = {
			isa = PBXFrameworksBuildPhase;
			buildActionMask = 2147483647;
			files = (
			);
			runOnlyForDeploymentPostprocessing = 0;
		};
/* End PBXFrameworksBuildPhase section */

/* Begin PBXGroup section */
		7C61C2AA2853A37E00F6DF32 = {
			isa = PBXGroup;
			children = (
				7C61C2B52853A37E00F6DF32 /* casino */,
				7C61C2B42853A37E00F6DF32 /* Products */,
			);
			sourceTree = "<group>";
		};
		7C61C2B42853A37E00F6DF32 /* Products */ = {
			isa = PBXGroup;
			children = (
				7C61C2B32853A37E00F6DF32 /* casino.app */,
			);
			name = Products;
			sourceTree = "<group>";
		};
		7C61C2B52853A37E00F6DF32 /* casino */ = {
			isa = PBXGroup;
			children = (
				7C61C2E12855291E00F6DF32 /* Play Buttons */,
				7C61C2DA28551C2F00F6DF32 /* Dealer Button */,
				7C61C2C42853A4A500F6DF32 /* Cards */,
				7C61C2D32854A76500F6DF32 /* Play Table */,
				7C61C2CE2853E66500F6DF32 /* Play Screen */,
				7C61C2BC2853A38000F6DF32 /* Preview Content */,
				7C61C2C92853CDE200F6DF32 /* Main Screen */,
				7C61C2B62853A37E00F6DF32 /* casinoApp.swift */,
				7C61C2B82853A37E00F6DF32 /* ContentView.swift */,
				7C61C2CC2853D64100F6DF32 /* userInfo.swift */,
				7C61C2BA2853A38000F6DF32 /* Assets.xcassets */,
			);
			path = casino;
			sourceTree = "<group>";
		};
		7C61C2BC2853A38000F6DF32 /* Preview Content */ = {
			isa = PBXGroup;
			children = (
				7C61C2BD2853A38000F6DF32 /* Preview Assets.xcassets */,
			);
			path = "Preview Content";
			sourceTree = "<group>";
		};
		7C61C2C42853A4A500F6DF32 /* Cards */ = {
			isa = PBXGroup;
			children = (
				7C61C2C52853A53A00F6DF32 /* cardView.swift */,
				7C61C2C72853A69800F6DF32 /* cardInfo.swift */,
				7C61C2D62854C78200F6DF32 /* pairOfCards.swift */,
			);
			path = Cards;
			sourceTree = "<group>";
		};
		7C61C2C92853CDE200F6DF32 /* Main Screen */ = {
			isa = PBXGroup;
			children = (
				7C61C2CA2853CEE700F6DF32 /* mainView.swift */,
			);
			path = "Main Screen";
			sourceTree = "<group>";
		};
		7C61C2CE2853E66500F6DF32 /* Play Screen */ = {
			isa = PBXGroup;
			children = (
				7C61C2CF2853E67B00F6DF32 /* playView.swift */,
				7C61C2D12854A0D100F6DF32 /* backButtonView.swift */,
				7C61C2DF2855254200F6DF32 /* infoScreen.swift */,
			);
			path = "Play Screen";
			sourceTree = "<group>";
		};
		7C61C2D32854A76500F6DF32 /* Play Table */ = {
			isa = PBXGroup;
			children = (
				7C61C2D42854A78400F6DF32 /* tableView.swift */,
				7C61C2D82854E71100F6DF32 /* tableInfo.swift */,
			);
			path = "Play Table";
			sourceTree = "<group>";
		};
		7C61C2DA28551C2F00F6DF32 /* Dealer Button */ = {
			isa = PBXGroup;
			children = (
				7C61C2DD28551E7C00F6DF32 /* dealerButton.swift */,
			);
			path = "Dealer Button";
			sourceTree = "<group>";
		};
		7C61C2E12855291E00F6DF32 /* Play Buttons */ = {
			isa = PBXGroup;
			children = (
				7C61C2E22855293300F6DF32 /* foldView.swift */,
				7C61C2E428552B7900F6DF32 /* callView.swift */,
				7C61C2E628552B9D00F6DF32 /* raiseView.swift */,
				7C61C2E828552C5C00F6DF32 /* buttonInfo.swift */,
			);
			path = "Play Buttons";
			sourceTree = "<group>";
		};
/* End PBXGroup section */

/* Begin PBXNativeTarget section */
		7C61C2B22853A37E00F6DF32 /* casino */ = {
			isa = PBXNativeTarget;
			buildConfigurationList = 7C61C2C12853A38000F6DF32 /* Build configuration list for PBXNativeTarget "casino" */;
			buildPhases = (
				7C61C2AF2853A37E00F6DF32 /* Sources */,
				7C61C2B02853A37E00F6DF32 /* Frameworks */,
				7C61C2B12853A37E00F6DF32 /* Resources */,
			);
			buildRules = (
			);
			dependencies = (
			);
			name = casino;
			productName = casino;
			productReference = 7C61C2B32853A37E00F6DF32 /* casino.app */;
			productType = "com.apple.product-type.application";
		};
/* End PBXNativeTarget section */

/* Begin PBXProject section */
		7C61C2AB2853A37E00F6DF32 /* Project object */ = {
			isa = PBXProject;
			attributes = {
				BuildIndependentTargetsInParallel = 1;
				LastSwiftUpdateCheck = 1330;
				LastUpgradeCheck = 1330;
				TargetAttributes = {
					7C61C2B22853A37E00F6DF32 = {
						CreatedOnToolsVersion = 13.3.1;
					};
				};
			};
			buildConfigurationList = 7C61C2AE2853A37E00F6DF32 /* Build configuration list for PBXProject "casino" */;
			compatibilityVersion = "Xcode 13.0";
			developmentRegion = en;
			hasScannedForEncodings = 0;
			knownRegions = (
				en,
				Base,
			);
			mainGroup = 7C61C2AA2853A37E00F6DF32;
			productRefGroup = 7C61C2B42853A37E00F6DF32 /* Products */;
			projectDirPath = "";
			projectRoot = "";
			targets = (
				7C61C2B22853A37E00F6DF32 /* casino */,
			);
		};
/* End PBXProject section */

/* Begin PBXResourcesBuildPhase section */
		7C61C2B12853A37E00F6DF32 /* Resources */ = {
			isa = PBXResourcesBuildPhase;
			buildActionMask = 2147483647;
			files = (
				7C61C2BE2853A38000F6DF32 /* Preview Assets.xcassets in Resources */,
				7C61C2BB2853A38000F6DF32 /* Assets.xcassets in Resources */,
			);
			runOnlyForDeploymentPostprocessing = 0;
		};
/* End PBXResourcesBuildPhase section */

/* Begin PBXSourcesBuildPhase section */
		7C61C2AF2853A37E00F6DF32 /* Sources */ = {
			isa = PBXSourcesBuildPhase;
			buildActionMask = 2147483647;
			files = (
				7C61C2CD2853D64100F6DF32 /* userInfo.swift in Sources */,
				7C61C2E02855254200F6DF32 /* infoScreen.swift in Sources */,
				7C61C2B92853A37E00F6DF32 /* ContentView.swift in Sources */,
				7C61C2C62853A53A00F6DF32 /* cardView.swift in Sources */,
				7C61C2B72853A37E00F6DF32 /* casinoApp.swift in Sources */,
				7C61C2DE28551E7D00F6DF32 /* dealerButton.swift in Sources */,
				7C61C2D02853E67B00F6DF32 /* playView.swift in Sources */,
				7C61C2E32855293300F6DF32 /* foldView.swift in Sources */,
				7C61C2E528552B7900F6DF32 /* callView.swift in Sources */,
				7C61C2E728552B9D00F6DF32 /* raiseView.swift in Sources */,
				7C61C2D52854A78400F6DF32 /* tableView.swift in Sources */,
				7C61C2CB2853CEE700F6DF32 /* mainView.swift in Sources */,
				7C61C2C82853A69800F6DF32 /* cardInfo.swift in Sources */,
				7C61C2D92854E71100F6DF32 /* tableInfo.swift in Sources */,
				7C61C2E928552C5C00F6DF32 /* buttonInfo.swift in Sources */,
				7C61C2D72854C78200F6DF32 /* pairOfCards.swift in Sources */,
				7C61C2D22854A0D100F6DF32 /* backButtonView.swift in Sources */,
			);
			runOnlyForDeploymentPostprocessing = 0;
		};
/* End PBXSourcesBuildPhase section */

/* Begin XCBuildConfiguration section */
		7C61C2BF2853A38000F6DF32 /* Debug */ = {
			isa = XCBuildConfiguration;
			buildSettings = {
				ALWAYS_SEARCH_USER_PATHS = NO;
				CLANG_ANALYZER_NONNULL = YES;
				CLANG_ANALYZER_NUMBER_OBJECT_CONVERSION = YES_AGGRESSIVE;
				CLANG_CXX_LANGUAGE_STANDARD = "gnu++17";
				CLANG_ENABLE_MODULES = YES;
				CLANG_ENABLE_OBJC_ARC = YES;
				CLANG_ENABLE_OBJC_WEAK = YES;
				CLANG_WARN_BLOCK_CAPTURE_AUTORELEASING = YES;
				CLANG_WARN_BOOL_CONVERSION = YES;
				CLANG_WARN_COMMA = YES;
				CLANG_WARN_CONSTANT_CONVERSION = YES;
				CLANG_WARN_DEPRECATED_OBJC_IMPLEMENTATIONS = YES;
				CLANG_WARN_DIRECT_OBJC_ISA_USAGE = YES_ERROR;
				CLANG_WARN_DOCUMENTATION_COMMENTS = YES;
				CLANG_WARN_EMPTY_BODY = YES;
				CLANG_WARN_ENUM_CONVERSION = YES;
				CLANG_WARN_INFINITE_RECURSION = YES;
				CLANG_WARN_INT_CONVERSION = YES;
				CLANG_WARN_NON_LITERAL_NULL_CONVERSION = YES;
				CLANG_WARN_OBJC_IMPLICIT_RETAIN_SELF = YES;
				CLANG_WARN_OBJC_LITERAL_CONVERSION = YES;
				CLANG_WARN_OBJC_ROOT_CLASS = YES_ERROR;
				CLANG_WARN_QUOTED_INCLUDE_IN_FRAMEWORK_HEADER = YES;
				CLANG_WARN_RANGE_LOOP_ANALYSIS = YES;
				CLANG_WARN_STRICT_PROTOTYPES = YES;
				CLANG_WARN_SUSPICIOUS_MOVE = YES;
				CLANG_WARN_UNGUARDED_AVAILABILITY = YES_AGGRESSIVE;
				CLANG_WARN_UNREACHABLE_CODE = YES;
				CLANG_WARN__DUPLICATE_METHOD_MATCH = YES;
				COPY_PHASE_STRIP = NO;
				DEBUG_INFORMATION_FORMAT = dwarf;
				ENABLE_STRICT_OBJC_MSGSEND = YES;
				ENABLE_TESTABILITY = YES;
				GCC_C_LANGUAGE_STANDARD = gnu11;
				GCC_DYNAMIC_NO_PIC = NO;
				GCC_NO_COMMON_BLOCKS = YES;
				GCC_OPTIMIZATION_LEVEL = 0;
				GCC_PREPROCESSOR_DEFINITIONS = (
					"DEBUG=1",
					"$(inherited)",
				);
				GCC_WARN_64_TO_32_BIT_CONVERSION = YES;
				GCC_WARN_ABOUT_RETURN_TYPE = YES_ERROR;
				GCC_WARN_UNDECLARED_SELECTOR = YES;
				GCC_WARN_UNINITIALIZED_AUTOS = YES_AGGRESSIVE;
				GCC_WARN_UNUSED_FUNCTION = YES;
				GCC_WARN_UNUSED_VARIABLE = YES;
				IPHONEOS_DEPLOYMENT_TARGET = 15.4;
				MTL_ENABLE_DEBUG_INFO = INCLUDE_SOURCE;
				MTL_FAST_MATH = YES;
				ONLY_ACTIVE_ARCH = YES;
				SDKROOT = iphoneos;
				SWIFT_ACTIVE_COMPILATION_CONDITIONS = DEBUG;
				SWIFT_OPTIMIZATION_LEVEL = "-Onone";
			};
			name = Debug;
		};
		7C61C2C02853A38000F6DF32 /* Release */ = {
			isa = XCBuildConfiguration;
			buildSettings = {
				ALWAYS_SEARCH_USER_PATHS = NO;
				CLANG_ANALYZER_NONNULL = YES;
				CLANG_ANALYZER_NUMBER_OBJECT_CONVERSION = YES_AGGRESSIVE;
				CLANG_CXX_LANGUAGE_STANDARD = "gnu++17";
				CLANG_ENABLE_MODULES = YES;
				CLANG_ENABLE_OBJC_ARC = YES;
				CLANG_ENABLE_OBJC_WEAK = YES;
				CLANG_WARN_BLOCK_CAPTURE_AUTORELEASING = YES;
				CLANG_WARN_BOOL_CONVERSION = YES;
				CLANG_WARN_COMMA = YES;
				CLANG_WARN_CONSTANT_CONVERSION = YES;
				CLANG_WARN_DEPRECATED_OBJC_IMPLEMENTATIONS = YES;
				CLANG_WARN_DIRECT_OBJC_ISA_USAGE = YES_ERROR;
				CLANG_WARN_DOCUMENTATION_COMMENTS = YES;
				CLANG_WARN_EMPTY_BODY = YES;
				CLANG_WARN_ENUM_CONVERSION = YES;
				CLANG_WARN_INFINITE_RECURSION = YES;
				CLANG_WARN_INT_CONVERSION = YES;
				CLANG_WARN_NON_LITERAL_NULL_CONVERSION = YES;
				CLANG_WARN_OBJC_IMPLICIT_RETAIN_SELF = YES;
				CLANG_WARN_OBJC_LITERAL_CONVERSION = YES;
				CLANG_WARN_OBJC_ROOT_CLASS = YES_ERROR;
				CLANG_WARN_QUOTED_INCLUDE_IN_FRAMEWORK_HEADER = YES;
				CLANG_WARN_RANGE_LOOP_ANALYSIS = YES;
				CLANG_WARN_STRICT_PROTOTYPES = YES;
				CLANG_WARN_SUSPICIOUS_MOVE = YES;
				CLANG_WARN_UNGUARDED_AVAILABILITY = YES_AGGRESSIVE;
				CLANG_WARN_UNREACHABLE_CODE = YES;
				CLANG_WARN__DUPLICATE_METHOD_MATCH = YES;
				COPY_PHASE_STRIP = NO;
				DEBUG_INFORMATION_FORMAT = "dwarf-with-dsym";
				ENABLE_NS_ASSERTIONS = NO;
				ENABLE_STRICT_OBJC_MSGSEND = YES;
				GCC_C_LANGUAGE_STANDARD = gnu11;
				GCC_NO_COMMON_BLOCKS = YES;
				GCC_WARN_64_TO_32_BIT_CONVERSION = YES;
				GCC_WARN_ABOUT_RETURN_TYPE = YES_ERROR;
				GCC_WARN_UNDECLARED_SELECTOR = YES;
				GCC_WARN_UNINITIALIZED_AUTOS = YES_AGGRESSIVE;
				GCC_WARN_UNUSED_FUNCTION = YES;
				GCC_WARN_UNUSED_VARIABLE = YES;
				IPHONEOS_DEPLOYMENT_TARGET = 15.4;
				MTL_ENABLE_DEBUG_INFO = NO;
				MTL_FAST_MATH = YES;
				SDKROOT = iphoneos;
				SWIFT_COMPILATION_MODE = wholemodule;
				SWIFT_OPTIMIZATION_LEVEL = "-O";
				VALIDATE_PRODUCT = YES;
			};
			name = Release;
		};
		7C61C2C22853A38000F6DF32 /* Debug */ = {
			isa = XCBuildConfiguration;
			buildSettings = {
				ASSETCATALOG_COMPILER_APPICON_NAME = AppIcon;
				ASSETCATALOG_COMPILER_GLOBAL_ACCENT_COLOR_NAME = AccentColor;
				CODE_SIGN_STYLE = Automatic;
				CURRENT_PROJECT_VERSION = 1;
				DEVELOPMENT_ASSET_PATHS = "\"casino/Preview Content\"";
				DEVELOPMENT_TEAM = H49G8BG8ZM;
				ENABLE_PREVIEWS = YES;
				GENERATE_INFOPLIST_FILE = YES;
				INFOPLIST_KEY_UIApplicationSceneManifest_Generation = YES;
				INFOPLIST_KEY_UIApplicationSupportsIndirectInputEvents = YES;
				INFOPLIST_KEY_UILaunchScreen_Generation = YES;
				INFOPLIST_KEY_UISupportedInterfaceOrientations_iPad = "UIInterfaceOrientationPortrait UIInterfaceOrientationPortraitUpsideDown UIInterfaceOrientationLandscapeLeft UIInterfaceOrientationLandscapeRight";
				INFOPLIST_KEY_UISupportedInterfaceOrientations_iPhone = "UIInterfaceOrientationPortrait UIInterfaceOrientationLandscapeLeft UIInterfaceOrientationLandscapeRight";
				LD_RUNPATH_SEARCH_PATHS = (
					"$(inherited)",
					"@executable_path/Frameworks",
				);
				MARKETING_VERSION = 1.0;
				PRODUCT_BUNDLE_IDENTIFIER = com.vladvecher.casino;
				PRODUCT_NAME = "$(TARGET_NAME)";
				SWIFT_EMIT_LOC_STRINGS = YES;
				SWIFT_VERSION = 5.0;
				TARGETED_DEVICE_FAMILY = "1,2";
			};
			name = Debug;
		};
		7C61C2C32853A38000F6DF32 /* Release */ = {
			isa = XCBuildConfiguration;
			buildSettings = {
				ASSETCATALOG_COMPILER_APPICON_NAME = AppIcon;
				ASSETCATALOG_COMPILER_GLOBAL_ACCENT_COLOR_NAME = AccentColor;
				CODE_SIGN_STYLE = Automatic;
				CURRENT_PROJECT_VERSION = 1;
				DEVELOPMENT_ASSET_PATHS = "\"casino/Preview Content\"";
				DEVELOPMENT_TEAM = H49G8BG8ZM;
				ENABLE_PREVIEWS = YES;
				GENERATE_INFOPLIST_FILE = YES;
				INFOPLIST_KEY_UIApplicationSceneManifest_Generation = YES;
				INFOPLIST_KEY_UIApplicationSupportsIndirectInputEvents = YES;
				INFOPLIST_KEY_UILaunchScreen_Generation = YES;
				INFOPLIST_KEY_UISupportedInterfaceOrientations_iPad = "UIInterfaceOrientationPortrait UIInterfaceOrientationPortraitUpsideDown UIInterfaceOrientationLandscapeLeft UIInterfaceOrientationLandscapeRight";
				INFOPLIST_KEY_UISupportedInterfaceOrientations_iPhone = "UIInterfaceOrientationPortrait UIInterfaceOrientationLandscapeLeft UIInterfaceOrientationLandscapeRight";
				LD_RUNPATH_SEARCH_PATHS = (
					"$(inherited)",
					"@executable_path/Frameworks",
				);
				MARKETING_VERSION = 1.0;
				PRODUCT_BUNDLE_IDENTIFIER = com.vladvecher.casino;
				PRODUCT_NAME = "$(TARGET_NAME)";
				SWIFT_EMIT_LOC_STRINGS = YES;
				SWIFT_VERSION = 5.0;
				TARGETED_DEVICE_FAMILY = "1,2";
			};
			name = Release;
		};
/* End XCBuildConfiguration section */

/* Begin XCConfigurationList section */
		7C61C2AE2853A37E00F6DF32 /* Build configuration list for PBXProject "casino" */ = {
			isa = XCConfigurationList;
			buildConfigurations = (
				7C61C2BF2853A38000F6DF32 /* Debug */,
				7C61C2C02853A38000F6DF32 /* Release */,
			);
			defaultConfigurationIsVisible = 0;
			defaultConfigurationName = Release;
		};
		7C61C2C12853A38000F6DF32 /* Build configuration list for PBXNativeTarget "casino" */ = {
			isa = XCConfigurationList;
			buildConfigurations = (
				7C61C2C22853A38000F6DF32 /* Debug */,
				7C61C2C32853A38000F6DF32 /* Release */,
			);
			defaultConfigurationIsVisible = 0;
			defaultConfigurationName = Release;
		};
/* End XCConfigurationList section */
	};
	rootObject = 7C61C2AB2853A37E00F6DF32 /* Project object */;
}
